github.com/Oloruntobi1/payload v0.0.0-20210812222026-d00dac68e98f h1:kwp9Wz8vXtYauudX1PXtxgxfNeGL2Q2LjkLaVhzaTko=
github.com/Oloruntobi1/payload v0.0.0-20210812222026-d00dac68e98f/go.mod h1:u6sLtwHlMjJ9DCmt87EWHsrSqBw1Fq2WpHz+vkna5D4=
github.com/Oloruntobi1/payload v0.1.4 h1:s1OT15d+zuI/6+4XtzmbUX1pY0CEjgixJaNMJPLuBdI=
github.com/Oloruntobi1/payload v0.1.4/go.mod h1:u6sLtwHlMjJ9DCmt87EWHsrSqBw1Fq2WpHz+vkna5D4=
